# Run ./gradlew writeVersionsLocks to regenerate this file. Blank lines are to minimize merge conflicts.

com.fasterxml.jackson.core:jackson-annotations:2.20 (4 constraints: 444484b1)

com.fasterxml.jackson.core:jackson-core:2.20.0 (4 constraints: 8056ceff)

com.fasterxml.jackson.core:jackson-databind:2.20.0 (4 constraints: 32496639)

com.fasterxml.jackson.dataformat:jackson-dataformat-xml:2.20.0 (2 constraints: da1f1fde)

com.fasterxml.jackson.datatype:jackson-datatype-guava:2.20.0 (2 constraints: da1f1fde)

com.fasterxml.jackson.datatype:jackson-datatype-jdk8:2.20.0 (1 constraints: a51a8b21)

com.fasterxml.woodstox:woodstox-core:7.1.1 (1 constraints: 3d174926)

com.google.errorprone:error_prone_annotations:2.41.0 (2 constraints: 7e0f1fa1)

com.google.guava:failureaccess:1.0.3 (1 constraints: 160ae3b4)

com.google.guava:guava:33.5.0-jre (4 constraints: cc51abef)

com.google.guava:listenablefuture:9999.0-empty-to-avoid-conflict-with-guava (1 constraints: bd17c918)

com.google.j2objc:j2objc-annotations:3.1 (1 constraints: b809f1a0)

com.palantir.gradle.failure-reports:gradle-failure-reports-exceptions:1.2.0 (1 constraints: 0505f635)

com.palantir.gradle.idea-configuration:gradle-idea-configuration:0.7.0 (1 constraints: 09050036)

one.util:streamex:0.8.4 (1 constraints: 0e050736)

org.codehaus.woodstox:stax2-api:4.2.2 (2 constraints: 6a278bd2)

org.immutables:value:2.11.6 (1 constraints: 3c05383b)

org.jspecify:jspecify:1.0.0 (8 constraints: c9803ac0)



[Test dependencies]

cglib:cglib-nodep:3.2.2 (1 constraints: 490ded24)

com.netflix.nebula:nebula-test:10.6.2 (2 constraints: d61de72d)

com.palantir.gradle.plugintesting:configuration-cache-spec:0.19.0 (1 constraints: 3c053e3b)

com.palantir.gradle.plugintesting:gradle-plugin-testing-junit:0.19.0 (1 constraints: 3c053e3b)

com.palantir.gradle.plugintesting:plugin-testing-core:0.19.0 (1 constraints: 3c053e3b)

commons-io:commons-io:2.19.0 (1 constraints: db190cdf)

junit:junit:4.13.2 (2 constraints: ca1e3ab9)

net.bytebuddy:byte-buddy:1.17.7 (2 constraints: 9f161b3f)

net.bytebuddy:byte-buddy-agent:1.17.7 (1 constraints: 4a0b4ede)

org.apiguardian:apiguardian-api:1.1.2 (7 constraints: cc761de9)

org.assertj:assertj-core:3.27.6 (2 constraints: 211f1a90)

org.codehaus.groovy:groovy:3.0.24 (3 constraints: 133429dd)

org.hamcrest:hamcrest:2.2 (1 constraints: d20cdc04)

org.hamcrest:hamcrest-core:1.3 (1 constraints: cc05fe3f)

org.jetbrains:annotations:26.0.2 (1 constraints: d9190fdf)

org.junit:junit-bom:6.0.0 (1 constraints: 08050936)

org.junit.jupiter:junit-jupiter:6.0.0 (2 constraints: 531036d1)

org.junit.jupiter:junit-jupiter-api:6.0.0 (7 constraints: 076e573d)

org.junit.jupiter:junit-jupiter-engine:6.0.0 (2 constraints: 0f17403b)

org.junit.jupiter:junit-jupiter-params:6.0.0 (3 constraints: cd2d9053)

org.junit.platform:junit-platform-commons:6.0.0 (3 constraints: df292429)

org.junit.platform:junit-platform-engine:6.0.0 (5 constraints: a74936ef)

org.junit.platform:junit-platform-launcher:6.0.0 (2 constraints: 140e5458)

org.junit.vintage:junit-vintage-engine:6.0.0 (1 constraints: 0d097895)

org.mockito:mockito-core:5.20.0 (1 constraints: 3905453b)

org.objenesis:objenesis:3.3 (2 constraints: 9b17f557)

org.opentest4j:opentest4j:1.3.0 (2 constraints: cf209249)

org.spockframework:spock-core:2.3-groovy-3.0 (3 constraints: 2c3deb38)

org.spockframework:spock-junit4:2.3-groovy-3.0 (1 constraints: 7a1000b0)
