# Run ./gradlew writeVersionsLocks to regenerate this file
com.fasterxml.jackson.core:jackson-annotations:2.19.2 (3 constraints: a5408176)
com.fasterxml.jackson.core:jackson-core:2.19.2 (3 constraints: a5408176)
com.fasterxml.jackson.core:jackson-databind:2.19.2 (3 constraints: 57331be9)
com.fasterxml.jackson.dataformat:jackson-dataformat-xml:2.19.2 (1 constraints: 40054c3b)
com.fasterxml.jackson.datatype:jackson-datatype-guava:2.19.2 (1 constraints: 40054c3b)
com.fasterxml.woodstox:woodstox-core:7.1.1 (1 constraints: 3d174926)
com.google.errorprone:error_prone_annotations:2.36.0 (2 constraints: 820f2aa1)
com.google.guava:failureaccess:1.0.3 (1 constraints: 160ae3b4)
com.google.guava:guava:33.4.8-jre (5 constraints: dd66204a)
com.google.guava:listenablefuture:9999.0-empty-to-avoid-conflict-with-guava (1 constraints: bd17c918)
com.google.j2objc:j2objc-annotations:3.0.0 (1 constraints: 150aeab4)
com.netflix.nebula:nebula-dependency-recommender:13.0.1 (1 constraints: 3705373b)
com.netflix.nebula:nebula-gradle-interop:2.3.0 (1 constraints: 64148478)
com.palantir.gradle.failure-reports:gradle-failure-reports-exceptions:1.2.0 (1 constraints: 0505f635)
com.palantir.gradle.idea-configuration:gradle-idea-configuration:0.3.0 (1 constraints: 0505f435)
javax.inject:javax.inject:1 (1 constraints: 9d0e8743)
one.util:streamex:0.8.4 (1 constraints: 0e050736)
org.apache.commons:commons-lang3:3.8.1 (1 constraints: 8d0d772f)
org.apache.maven:maven-artifact:3.8.3 (1 constraints: 660ff47f)
org.apache.maven:maven-builder-support:3.8.3 (1 constraints: 660ff47f)
org.apache.maven:maven-model:3.8.3 (1 constraints: 660ff47f)
org.apache.maven:maven-model-builder:3.8.3 (1 constraints: 6d149b78)
org.codehaus.plexus:plexus-interpolation:1.26 (1 constraints: 330f8270)
org.codehaus.plexus:plexus-utils:3.3.0 (3 constraints: 2d29402f)
org.codehaus.woodstox:stax2-api:4.2.2 (2 constraints: 6a278bd2)
org.eclipse.sisu:org.eclipse.sisu.inject:0.3.5 (1 constraints: 600fd87f)
org.immutables:value:2.11.2 (1 constraints: 3805343b)
org.jetbrains:annotations:13.0 (1 constraints: df0e795c)
org.jetbrains.kotlin:kotlin-stdlib:2.1.0 (1 constraints: 2211ddcf)
org.jspecify:jspecify:1.0.0 (1 constraints: 130ae0b4)

[Test dependencies]
cglib:cglib-nodep:3.2.2 (1 constraints: 490ded24)
com.netflix.nebula:nebula-test:10.6.2 (1 constraints: 3b053b3b)
com.palantir.gradle.plugintesting:plugin-testing-core:0.6.0 (1 constraints: 0805fd35)
junit:junit:4.13.2 (2 constraints: ca1e3ab9)
net.bytebuddy:byte-buddy:1.17.5 (2 constraints: c616fe4f)
net.bytebuddy:byte-buddy-agent:1.17.5 (1 constraints: 480b4cde)
org.apiguardian:apiguardian-api:1.1.2 (7 constraints: cc761de9)
org.assertj:assertj-core:3.27.4 (1 constraints: 4205523b)
org.codehaus.groovy:groovy:3.0.12 (2 constraints: 781b1f9d)
org.hamcrest:hamcrest:2.2 (1 constraints: d20cdc04)
org.hamcrest:hamcrest-core:1.3 (1 constraints: cc05fe3f)
org.junit:junit-bom:5.13.4 (1 constraints: 3f054e3b)
org.junit.jupiter:junit-jupiter:5.13.4 (2 constraints: 540ebf67)
org.junit.jupiter:junit-jupiter-api:5.13.4 (4 constraints: 4339e7e7)
org.junit.jupiter:junit-jupiter-engine:5.13.4 (2 constraints: 7d17a564)
org.junit.jupiter:junit-jupiter-params:5.13.4 (2 constraints: 7d17a564)
org.junit.platform:junit-platform-commons:1.13.4 (3 constraints: 782ad891)
org.junit.platform:junit-platform-engine:1.13.4 (5 constraints: 734a41d4)
org.junit.platform:junit-platform-launcher:1.13.4 (2 constraints: 7a0e8171)
org.junit.vintage:junit-vintage-engine:5.13.4 (1 constraints: 4409c29e)
org.mockito:mockito-core:5.18.0 (1 constraints: 4005593b)
org.objenesis:objenesis:3.3 (2 constraints: 9b17f557)
org.opentest4j:opentest4j:1.3.0 (2 constraints: cf209249)
org.spockframework:spock-core:2.3-groovy-3.0 (2 constraints: 922109a6)
org.spockframework:spock-junit4:2.3-groovy-3.0 (1 constraints: 7a1000b0)
