# Run ./gradlew --write-locks to regenerate this file
com.google.code.findbugs:jsr305:3.0.2 (2 constraints: 250fb786)
com.google.errorprone:error_prone_annotations:2.3.3 (2 constraints: 210f1287)
com.google.guava:guava:23.6.1-jre (2 constraints: de1a262d)
com.google.j2objc:j2objc-annotations:1.1 (1 constraints: b609eba0)
com.netflix.nebula:nebula-dependency-recommender:7.5.4 (1 constraints: 12052136)
com.netflix.nebula:nebula-gradle-interop:1.0.3 (1 constraints: 63147978)
com.palantir.configurationresolver:gradle-configuration-resolver-plugin:0.3.0 (1 constraints: 0505f435)
org.apache.commons:commons-lang3:3.8.1 (1 constraints: 8d0d772f)
org.apache.maven:maven-artifact:3.6.0 (1 constraints: 610feb7f)
org.apache.maven:maven-builder-support:3.6.0 (1 constraints: 610feb7f)
org.apache.maven:maven-model:3.6.0 (1 constraints: 610feb7f)
org.apache.maven:maven-model-builder:3.6.0 (1 constraints: 68149278)
org.checkerframework:checker-compat-qual:2.0.0 (1 constraints: 140ae5b4)
org.codehaus.mojo:animal-sniffer-annotations:1.14 (1 constraints: ea09d5aa)
org.codehaus.plexus:plexus-component-annotations:1.7.1 (1 constraints: 610fe57f)
org.codehaus.plexus:plexus-interpolation:1.25 (1 constraints: 320f8170)
org.codehaus.plexus:plexus-utils:3.1.0 (3 constraints: 2729302e)
org.immutables:value:2.7.5 (1 constraints: 10050f36)
org.jetbrains:annotations:13.0 (1 constraints: df0e795c)
org.jetbrains.kotlin:kotlin-stdlib:1.3.11 (1 constraints: dc10ddd2)
org.jetbrains.kotlin:kotlin-stdlib-common:1.3.11 (1 constraints: 3f0fbf7a)
org.jetbrains.kotlin:kotlin-stdlib-jdk7:1.3.11 (1 constraints: 551134e1)
