# Run ./gradlew --write-locks to regenerate this file
aopalliance:aopalliance:1.0 (1 constraints: 170a83ac)
ch.qos.logback:logback-access:1.2.3 (3 constraints: 4f354f15)
ch.qos.logback:logback-classic:1.2.3 (5 constraints: 9351d6aa)
ch.qos.logback:logback-core:1.2.3 (4 constraints: 5e330891)
com.amazonaws:aws-java-sdk-bundle:1.11.201 (1 constraints: dc0c9f27)
com.carrotsearch:hppc:0.7.2 (1 constraints: f70cda14)
com.chuusai:shapeless_2.11:2.3.2 (1 constraints: 3b0aaec8)
com.clearspring.analytics:stream:2.9.6 (3 constraints: 4e373507)
com.ea.agentloader:ea-agent-loader:1.0.3 (2 constraints: 4e265f80)
com.esotericsoftware:kryo-shaded:4.0.2 (2 constraints: b71345a6)
com.esotericsoftware:minlog:1.3.0 (1 constraints: 670e7c4f)
com.fasterxml:classmate:1.3.1 (1 constraints: a40e4f58)
com.fasterxml.jackson.core:jackson-annotations:2.9.7 (15 constraints: 7b191d13)
com.fasterxml.jackson.core:jackson-core:2.9.7 (17 constraints: 5761bcab)
com.fasterxml.jackson.core:jackson-databind:2.9.7 (64 constraints: b268e1c7)
com.fasterxml.jackson.dataformat:jackson-dataformat-cbor:2.9.7 (4 constraints: 6a5450a0)
com.fasterxml.jackson.dataformat:jackson-dataformat-xml:2.9.7 (2 constraints: b61ba9c6)
com.fasterxml.jackson.dataformat:jackson-dataformat-yaml:2.9.7 (6 constraints: 60681823)
com.fasterxml.jackson.datatype:jackson-datatype-guava:2.9.7 (9 constraints: f59715c4)
com.fasterxml.jackson.datatype:jackson-datatype-jdk8:2.9.7 (16 constraints: a604536d)
com.fasterxml.jackson.datatype:jackson-datatype-joda:2.9.3 (2 constraints: 78219a7e)
com.fasterxml.jackson.datatype:jackson-datatype-jsr310:2.9.7 (4 constraints: 254bc8df)
com.fasterxml.jackson.jaxrs:jackson-jaxrs-base:2.9.5 (3 constraints: 4a440103)
com.fasterxml.jackson.jaxrs:jackson-jaxrs-cbor-provider:2.9.5 (2 constraints: 50295fc1)
com.fasterxml.jackson.jaxrs:jackson-jaxrs-json-provider:2.9.3 (2 constraints: f4230775)
com.fasterxml.jackson.module:jackson-module-afterburner:2.9.7 (11 constraints: 98c68b07)
com.fasterxml.jackson.module:jackson-module-parameter-names:2.9.3 (1 constraints: 880ec14f)
